
Microsoft Visual Studio Solution File, Format Version 12.00
# Visual Studio Version 17
VisualStudioVersion = 17.6.33723.286
MinimumVisualStudioVersion = 10.0.40219.1
Project("{FAE04EC0-301F-11D3-BF4B-00C04F79EFBC}") = "PersonBuilder", "PersonBuilder\PersonBuilder.csproj", "{5B1D9B73-B782-4E98-8D58-69A61BEF6F36}"
EndProject
Global
	GlobalSection(SolutionConfigurationPlatforms) = preSolution
		Debug|Any CPU = Debug|Any CPU
		Release|Any CPU = Release|Any CPU
	EndGlobalSection
	GlobalSection(ProjectConfigurationPlatforms) = postSolution
		{5B1D9B73-B782-4E98-8D58-69A61BEF6F36}.Debug|Any CPU.ActiveCfg = Debug|Any CPU
		{5B1D9B73-B782-4E98-8D58-69A61BEF6F36}.Debug|Any CPU.Build.0 = Debug|Any CPU
		{5B1D9B73-B782-4E98-8D58-69A61BEF6F36}.Release|Any CPU.ActiveCfg = Release|Any CPU
		{5B1D9B73-B782-4E98-8D58-69A61BEF6F36}.Release|Any CPU.Build.0 = Release|Any CPU
	EndGlobalSection
	GlobalSection(SolutionProperties) = preSolution
		HideSolutionNode = FALSE
	EndGlobalSection
	GlobalSection(ExtensibilityGlobals) = postSolution
		SolutionGuid = {286C57F1-2533-4A1D-B887-56045B520A7D}
	EndGlobalSection
EndGlobal
